
Microsoft Visual Studio Solution File, Format Version 12.00
# Visual Studio Version 16
VisualStudioVersion = 16.0.31624.102
MinimumVisualStudioVersion = 10.0.40219.1
Project("{FAE04EC0-301F-11D3-BF4B-00C04F79EFBC}") = "SigningCore", "SigningCore\SigningCore.csproj", "{FA96234F-765D-45B1-AE25-1BB2B9602690}"
EndProject
Project("{8BC9CEB8-8B4A-11D0-8D11-00A0C91BC942}") = "c List personal certificates", "c List personal certificates\c List personal certificates.vcxproj", "{01CE270A-E1B7-4E54-B5D3-611F1F11DF16}"
EndProject
Project("{FAE04EC0-301F-11D3-BF4B-00C04F79EFBC}") = "Create a basic cert", "Create a basic cert\Create a basic cert.csproj", "{3DA408A5-E217-4A41-806F-9F6C1C3AB4E3}"
EndProject
Project("{FAE04EC0-301F-11D3-BF4B-00C04F79EFBC}") = "SigningCoreTest", "SigningCoreTest\SigningCoreTest.csproj", "{ACEF3893-CD29-4F71-80F8-CDCF86EF47B9}"
EndProject
Project("{FAE04EC0-301F-11D3-BF4B-00C04F79EFBC}") = "SigningUI", "SigningUI\SigningUI.csproj", "{76D6A9D6-A123-4A9E-8837-0B7D0C64225A}"
EndProject
Global
	GlobalSection(SolutionConfigurationPlatforms) = preSolution
		Debug|Any CPU = Debug|Any CPU
		Debug|x64 = Debug|x64
		Debug|x86 = Debug|x86
		Release|Any CPU = Release|Any CPU
		Release|x64 = Release|x64
		Release|x86 = Release|x86
	EndGlobalSection
	GlobalSection(ProjectConfigurationPlatforms) = postSolution
		{FA96234F-765D-45B1-AE25-1BB2B9602690}.Debug|Any CPU.ActiveCfg = Debug|Any CPU
		{FA96234F-765D-45B1-AE25-1BB2B9602690}.Debug|Any CPU.Build.0 = Debug|Any CPU
		{FA96234F-765D-45B1-AE25-1BB2B9602690}.Debug|x64.ActiveCfg = Debug|Any CPU
		{FA96234F-765D-45B1-AE25-1BB2B9602690}.Debug|x64.Build.0 = Debug|Any CPU
		{FA96234F-765D-45B1-AE25-1BB2B9602690}.Debug|x86.ActiveCfg = Debug|Any CPU
		{FA96234F-765D-45B1-AE25-1BB2B9602690}.Debug|x86.Build.0 = Debug|Any CPU
		{FA96234F-765D-45B1-AE25-1BB2B9602690}.Release|Any CPU.ActiveCfg = Release|Any CPU
		{FA96234F-765D-45B1-AE25-1BB2B9602690}.Release|Any CPU.Build.0 = Release|Any CPU
		{FA96234F-765D-45B1-AE25-1BB2B9602690}.Release|x64.ActiveCfg = Release|Any CPU
		{FA96234F-765D-45B1-AE25-1BB2B9602690}.Release|x64.Build.0 = Release|Any CPU
		{FA96234F-765D-45B1-AE25-1BB2B9602690}.Release|x86.ActiveCfg = Release|Any CPU
		{FA96234F-765D-45B1-AE25-1BB2B9602690}.Release|x86.Build.0 = Release|Any CPU
		{01CE270A-E1B7-4E54-B5D3-611F1F11DF16}.Debug|Any CPU.ActiveCfg = Debug|Win32
		{01CE270A-E1B7-4E54-B5D3-611F1F11DF16}.Debug|x64.ActiveCfg = Debug|x64
		{01CE270A-E1B7-4E54-B5D3-611F1F11DF16}.Debug|x64.Build.0 = Debug|x64
		{01CE270A-E1B7-4E54-B5D3-611F1F11DF16}.Debug|x86.ActiveCfg = Debug|Win32
		{01CE270A-E1B7-4E54-B5D3-611F1F11DF16}.Debug|x86.Build.0 = Debug|Win32
		{01CE270A-E1B7-4E54-B5D3-611F1F11DF16}.Release|Any CPU.ActiveCfg = Release|Win32
		{01CE270A-E1B7-4E54-B5D3-611F1F11DF16}.Release|x64.ActiveCfg = Release|x64
		{01CE270A-E1B7-4E54-B5D3-611F1F11DF16}.Release|x64.Build.0 = Release|x64
		{01CE270A-E1B7-4E54-B5D3-611F1F11DF16}.Release|x86.ActiveCfg = Release|Win32
		{01CE270A-E1B7-4E54-B5D3-611F1F11DF16}.Release|x86.Build.0 = Release|Win32
		{3DA408A5-E217-4A41-806F-9F6C1C3AB4E3}.Debug|Any CPU.ActiveCfg = Debug|Any CPU
		{3DA408A5-E217-4A41-806F-9F6C1C3AB4E3}.Debug|Any CPU.Build.0 = Debug|Any CPU
		{3DA408A5-E217-4A41-806F-9F6C1C3AB4E3}.Debug|x64.ActiveCfg = Debug|Any CPU
		{3DA408A5-E217-4A41-806F-9F6C1C3AB4E3}.Debug|x64.Build.0 = Debug|Any CPU
		{3DA408A5-E217-4A41-806F-9F6C1C3AB4E3}.Debug|x86.ActiveCfg = Debug|Any CPU
		{3DA408A5-E217-4A41-806F-9F6C1C3AB4E3}.Debug|x86.Build.0 = Debug|Any CPU
		{3DA408A5-E217-4A41-806F-9F6C1C3AB4E3}.Release|Any CPU.ActiveCfg = Release|Any CPU
		{3DA408A5-E217-4A41-806F-9F6C1C3AB4E3}.Release|Any CPU.Build.0 = Release|Any CPU
		{3DA408A5-E217-4A41-806F-9F6C1C3AB4E3}.Release|x64.ActiveCfg = Release|Any CPU
		{3DA408A5-E217-4A41-806F-9F6C1C3AB4E3}.Release|x64.Build.0 = Release|Any CPU
		{3DA408A5-E217-4A41-806F-9F6C1C3AB4E3}.Release|x86.ActiveCfg = Release|Any CPU
		{3DA408A5-E217-4A41-806F-9F6C1C3AB4E3}.Release|x86.Build.0 = Release|Any CPU
		{ACEF3893-CD29-4F71-80F8-CDCF86EF47B9}.Debug|Any CPU.ActiveCfg = Debug|Any CPU
		{ACEF3893-CD29-4F71-80F8-CDCF86EF47B9}.Debug|Any CPU.Build.0 = Debug|Any CPU
		{ACEF3893-CD29-4F71-80F8-CDCF86EF47B9}.Debug|x64.ActiveCfg = Debug|Any CPU
		{ACEF3893-CD29-4F71-80F8-CDCF86EF47B9}.Debug|x64.Build.0 = Debug|Any CPU
		{ACEF3893-CD29-4F71-80F8-CDCF86EF47B9}.Debug|x86.ActiveCfg = Debug|Any CPU
		{ACEF3893-CD29-4F71-80F8-CDCF86EF47B9}.Debug|x86.Build.0 = Debug|Any CPU
		{ACEF3893-CD29-4F71-80F8-CDCF86EF47B9}.Release|Any CPU.ActiveCfg = Release|Any CPU
		{ACEF3893-CD29-4F71-80F8-CDCF86EF47B9}.Release|Any CPU.Build.0 = Release|Any CPU
		{ACEF3893-CD29-4F71-80F8-CDCF86EF47B9}.Release|x64.ActiveCfg = Release|Any CPU
		{ACEF3893-CD29-4F71-80F8-CDCF86EF47B9}.Release|x64.Build.0 = Release|Any CPU
		{ACEF3893-CD29-4F71-80F8-CDCF86EF47B9}.Release|x86.ActiveCfg = Release|Any CPU
		{ACEF3893-CD29-4F71-80F8-CDCF86EF47B9}.Release|x86.Build.0 = Release|Any CPU
		{76D6A9D6-A123-4A9E-8837-0B7D0C64225A}.Debug|Any CPU.ActiveCfg = Debug|Any CPU
		{76D6A9D6-A123-4A9E-8837-0B7D0C64225A}.Debug|Any CPU.Build.0 = Debug|Any CPU
		{76D6A9D6-A123-4A9E-8837-0B7D0C64225A}.Debug|x64.ActiveCfg = Debug|Any CPU
		{76D6A9D6-A123-4A9E-8837-0B7D0C64225A}.Debug|x64.Build.0 = Debug|Any CPU
		{76D6A9D6-A123-4A9E-8837-0B7D0C64225A}.Debug|x86.ActiveCfg = Debug|Any CPU
		{76D6A9D6-A123-4A9E-8837-0B7D0C64225A}.Debug|x86.Build.0 = Debug|Any CPU
		{76D6A9D6-A123-4A9E-8837-0B7D0C64225A}.Release|Any CPU.ActiveCfg = Release|Any CPU
		{76D6A9D6-A123-4A9E-8837-0B7D0C64225A}.Release|Any CPU.Build.0 = Release|Any CPU
		{76D6A9D6-A123-4A9E-8837-0B7D0C64225A}.Release|x64.ActiveCfg = Release|Any CPU
		{76D6A9D6-A123-4A9E-8837-0B7D0C64225A}.Release|x64.Build.0 = Release|Any CPU
		{76D6A9D6-A123-4A9E-8837-0B7D0C64225A}.Release|x86.ActiveCfg = Release|Any CPU
		{76D6A9D6-A123-4A9E-8837-0B7D0C64225A}.Release|x86.Build.0 = Release|Any CPU
	EndGlobalSection
	GlobalSection(SolutionProperties) = preSolution
		HideSolutionNode = FALSE
	EndGlobalSection
	GlobalSection(ExtensibilityGlobals) = postSolution
		SolutionGuid = {52F1B99C-8B3B-459F-8D80-5A4915A42E6D}
	EndGlobalSection
EndGlobal
